
Microsoft Visual Studio Solution File, Format Version 12.00
# Visual Studio Version 16
VisualStudioVersion = 16.0.29201.188
MinimumVisualStudioVersion = 10.0.40219.1
Project("{FAE04EC0-301F-11D3-BF4B-00C04F79EFBC}") = "lab_04", "lab_02\lab_04.csproj", "{33191F3A-0979-4385-9C52-70F9DDAD23DF}"
EndProject
Project("{FAE04EC0-301F-11D3-BF4B-00C04F79EFBC}") = "ConsoleApp1", "ConsoleApp1\ConsoleApp1.csproj", "{2097B90E-7C18-44F4-B78A-70C4739386D3}"
EndProject
Global
	GlobalSection(SolutionConfigurationPlatforms) = preSolution
		Debug|Any CPU = Debug|Any CPU
		Release|Any CPU = Release|Any CPU
	EndGlobalSection
	GlobalSection(ProjectConfigurationPlatforms) = postSolution
		{33191F3A-0979-4385-9C52-70F9DDAD23DF}.Debug|Any CPU.ActiveCfg = Debug|Any CPU
		{33191F3A-0979-4385-9C52-70F9DDAD23DF}.Debug|Any CPU.Build.0 = Debug|Any CPU
		{33191F3A-0979-4385-9C52-70F9DDAD23DF}.Release|Any CPU.ActiveCfg = Release|Any CPU
		{33191F3A-0979-4385-9C52-70F9DDAD23DF}.Release|Any CPU.Build.0 = Release|Any CPU
		{2097B90E-7C18-44F4-B78A-70C4739386D3}.Debug|Any CPU.ActiveCfg = Debug|Any CPU
		{2097B90E-7C18-44F4-B78A-70C4739386D3}.Debug|Any CPU.Build.0 = Debug|Any CPU
		{2097B90E-7C18-44F4-B78A-70C4739386D3}.Release|Any CPU.ActiveCfg = Release|Any CPU
		{2097B90E-7C18-44F4-B78A-70C4739386D3}.Release|Any CPU.Build.0 = Release|Any CPU
	EndGlobalSection
	GlobalSection(SolutionProperties) = preSolution
		HideSolutionNode = FALSE
	EndGlobalSection
	GlobalSection(ExtensibilityGlobals) = postSolution
		SolutionGuid = {DEB0CBF3-5A7D-4D10-8B77-5323E6CEA8BE}
	EndGlobalSection
EndGlobal
