
Microsoft Visual Studio Solution File, Format Version 12.00
# Visual Studio Version 16
VisualStudioVersion = 16.0.29306.81
MinimumVisualStudioVersion = 10.0.40219.1
Project("{FAE04EC0-301F-11D3-BF4B-00C04F79EFBC}") = "Lab_4_TIC", "Lab_4_TIC\Lab_4_TIC.csproj", "{19FC3144-2EF9-43AC-B3A8-F091250FA2D7}"
EndProject
Global
	GlobalSection(SolutionConfigurationPlatforms) = preSolution
		Debug|Any CPU = Debug|Any CPU
		Release|Any CPU = Release|Any CPU
	EndGlobalSection
	GlobalSection(ProjectConfigurationPlatforms) = postSolution
		{19FC3144-2EF9-43AC-B3A8-F091250FA2D7}.Debug|Any CPU.ActiveCfg = Debug|Any CPU
		{19FC3144-2EF9-43AC-B3A8-F091250FA2D7}.Debug|Any CPU.Build.0 = Debug|Any CPU
		{19FC3144-2EF9-43AC-B3A8-F091250FA2D7}.Release|Any CPU.ActiveCfg = Release|Any CPU
		{19FC3144-2EF9-43AC-B3A8-F091250FA2D7}.Release|Any CPU.Build.0 = Release|Any CPU
	EndGlobalSection
	GlobalSection(SolutionProperties) = preSolution
		HideSolutionNode = FALSE
	EndGlobalSection
	GlobalSection(ExtensibilityGlobals) = postSolution
		SolutionGuid = {55431DD2-707F-4C3C-A4DE-5BAD8E22E62D}
	EndGlobalSection
EndGlobal
